
Microsoft Visual Studio Solution File, Format Version 12.00
# Visual Studio Version 17
VisualStudioVersion = 17.7.34024.191
MinimumVisualStudioVersion = 10.0.40219.1
Project("{FAE04EC0-301F-11D3-BF4B-00C04F79EFBC}") = "LibraryDeSerealize", "LibraryDeSerealize\LibraryDeSerealize.csproj", "{21CCF530-C5EE-4A34-BED5-C37BE2DBC1FC}"
EndProject
Project("{FAE04EC0-301F-11D3-BF4B-00C04F79EFBC}") = "SerializationLibrary", "SerializationLibrary\SerializationLibrary.csproj", "{09D29168-8264-4702-9505-1B60EC4F5BD3}"
EndProject
Global
	GlobalSection(SolutionConfigurationPlatforms) = preSolution
		Debug|Any CPU = Debug|Any CPU
		Release|Any CPU = Release|Any CPU
	EndGlobalSection
	GlobalSection(ProjectConfigurationPlatforms) = postSolution
		{21CCF530-C5EE-4A34-BED5-C37BE2DBC1FC}.Debug|Any CPU.ActiveCfg = Debug|Any CPU
		{21CCF530-C5EE-4A34-BED5-C37BE2DBC1FC}.Debug|Any CPU.Build.0 = Debug|Any CPU
		{21CCF530-C5EE-4A34-BED5-C37BE2DBC1FC}.Release|Any CPU.ActiveCfg = Release|Any CPU
		{21CCF530-C5EE-4A34-BED5-C37BE2DBC1FC}.Release|Any CPU.Build.0 = Release|Any CPU
		{09D29168-8264-4702-9505-1B60EC4F5BD3}.Debug|Any CPU.ActiveCfg = Debug|Any CPU
		{09D29168-8264-4702-9505-1B60EC4F5BD3}.Debug|Any CPU.Build.0 = Debug|Any CPU
		{09D29168-8264-4702-9505-1B60EC4F5BD3}.Release|Any CPU.ActiveCfg = Release|Any CPU
		{09D29168-8264-4702-9505-1B60EC4F5BD3}.Release|Any CPU.Build.0 = Release|Any CPU
	EndGlobalSection
	GlobalSection(SolutionProperties) = preSolution
		HideSolutionNode = FALSE
	EndGlobalSection
	GlobalSection(ExtensibilityGlobals) = postSolution
		SolutionGuid = {A99A047C-8326-4FCA-8E80-B550E6986772}
	EndGlobalSection
EndGlobal
